// !$*UTF8*$!
{
	archiveVersion = 1;
	classes = {
	};
	objectVersion = 50;
	objects = {

/* Begin PBXBuildFile section */
		A904A548266CDFF5002419DF /* ColorViewController.swift in Sources */ = {isa = PBXBuildFile; fileRef = A904A547266CDFF5002419DF /* ColorViewController.swift */; };
		A904A54B266CE566002419DF /* ColorSetupViewControllerDelegate.swift in Sources */ = {isa = PBXBuildFile; fileRef = A904A54A266CE566002419DF /* ColorSetupViewControllerDelegate.swift */; };
		A96B5BB8266D028D00316C96 /* Extensions.swift in Sources */ = {isa = PBXBuildFile; fileRef = A96B5BB7266D028D00316C96 /* Extensions.swift */; };
		A9DBA8FE265836C900BC3BEE /* AppDelegate.swift in Sources */ = {isa = PBXBuildFile; fileRef = A9DBA8FD265836C900BC3BEE /* AppDelegate.swift */; };
		A9DBA900265836C900BC3BEE /* SceneDelegate.swift in Sources */ = {isa = PBXBuildFile; fileRef = A9DBA8FF265836C900BC3BEE /* SceneDelegate.swift */; };
		A9DBA902265836C900BC3BEE /* ViewController.swift in Sources */ = {isa = PBXBuildFile; fileRef = A9DBA901265836C900BC3BEE /* ViewController.swift */; };
		A9DBA905265836C900BC3BEE /* Main.storyboard in Resources */ = {isa = PBXBuildFile; fileRef = A9DBA903265836C900BC3BEE /* Main.storyboard */; };
		A9DBA907265836CA00BC3BEE /* Assets.xcassets in Resources */ = {isa = PBXBuildFile; fileRef = A9DBA906265836CA00BC3BEE /* Assets.xcassets */; };
		A9DBA90A265836CA00BC3BEE /* LaunchScreen.storyboard in Resources */ = {isa = PBXBuildFile; fileRef = A9DBA908265836CA00BC3BEE /* LaunchScreen.storyboard */; };
/* End PBXBuildFile section */

/* Begin PBXFileReference section */
		A904A547266CDFF5002419DF /* ColorViewController.swift */ = {isa = PBXFileReference; lastKnownFileType = sourcecode.swift; path = ColorViewController.swift; sourceTree = "<group>"; };
		A904A54A266CE566002419DF /* ColorSetupViewControllerDelegate.swift */ = {isa = PBXFileReference; lastKnownFileType = sourcecode.swift; path = ColorSetupViewControllerDelegate.swift; sourceTree = "<group>"; };
		A96B5BB7266D028D00316C96 /* Extensions.swift */ = {isa = PBXFileReference; lastKnownFileType = sourcecode.swift; path = Extensions.swift; sourceTree = "<group>"; };
		A9DBA8FA265836C900BC3BEE /* SliderColor.app */ = {isa = PBXFileReference; explicitFileType = wrapper.application; includeInIndex = 0; path = SliderColor.app; sourceTree = BUILT_PRODUCTS_DIR; };
		A9DBA8FD265836C900BC3BEE /* AppDelegate.swift */ = {isa = PBXFileReference; lastKnownFileType = sourcecode.swift; path = AppDelegate.swift; sourceTree = "<group>"; };
		A9DBA8FF265836C900BC3BEE /* SceneDelegate.swift */ = {isa = PBXFileReference; lastKnownFileType = sourcecode.swift; path = SceneDelegate.swift; sourceTree = "<group>"; };
		A9DBA901265836C900BC3BEE /* ViewController.swift */ = {isa = PBXFileReference; lastKnownFileType = sourcecode.swift; path = ViewController.swift; sourceTree = "<group>"; };
		A9DBA904265836C900BC3BEE /* Base */ = {isa = PBXFileReference; lastKnownFileType = file.storyboard; name = Base; path = Base.lproj/Main.storyboard; sourceTree = "<group>"; };
		A9DBA906265836CA00BC3BEE /* Assets.xcassets */ = {isa = PBXFileReference; lastKnownFileType = folder.assetcatalog; path = Assets.xcassets; sourceTree = "<group>"; };
		A9DBA909265836CA00BC3BEE /* Base */ = {isa = PBXFileReference; lastKnownFileType = file.storyboard; name = Base; path = Base.lproj/LaunchScreen.storyboard; sourceTree = "<group>"; };
		A9DBA90B265836CA00BC3BEE /* Info.plist */ = {isa = PBXFileReference; lastKnownFileType = text.plist.xml; path = Info.plist; sourceTree = "<group>"; };
/* End PBXFileReference section */

/* Begin PBXFrameworksBuildPhase section */
		A9DBA8F7265836C900BC3BEE /* Frameworks */ = {
			isa = PBXFrameworksBuildPhase;
			buildActionMask = 2147483647;
			files = (
			);
			runOnlyForDeploymentPostprocessing = 0;
		};
/* End PBXFrameworksBuildPhase section */

/* Begin PBXGroup section */
		A904A54D266CE56E002419DF /* Protocols */ = {
			isa = PBXGroup;
			children = (
				A904A54A266CE566002419DF /* ColorSetupViewControllerDelegate.swift */,
			);
			path = Protocols;
			sourceTree = "<group>";
		};
		A904A54E266CE59D002419DF /* ViewContollers */ = {
			isa = PBXGroup;
			children = (
				A9DBA901265836C900BC3BEE /* ViewController.swift */,
				A904A547266CDFF5002419DF /* ColorViewController.swift */,
			);
			path = ViewContollers;
			sourceTree = "<group>";
		};
		A96B5BBA266D1E8700316C96 /* Extensions */ = {
			isa = PBXGroup;
			children = (
				A96B5BB7266D028D00316C96 /* Extensions.swift */,
			);
			path = Extensions;
			sourceTree = "<group>";
		};
		A96B5BBB266D1EAD00316C96 /* StoryBoards */ = {
			isa = PBXGroup;
			children = (
				A9DBA903265836C900BC3BEE /* Main.storyboard */,
				A9DBA908265836CA00BC3BEE /* LaunchScreen.storyboard */,
			);
			path = StoryBoards;
			sourceTree = "<group>";
		};
		A96B5BBC266D1EDA00316C96 /* Resources */ = {
			isa = PBXGroup;
			children = (
				A9DBA906265836CA00BC3BEE /* Assets.xcassets */,
			);
			path = Resources;
			sourceTree = "<group>";
		};
		A96B5BBE266D1F0A00316C96 /* SupportingFiles */ = {
			isa = PBXGroup;
			children = (
				A9DBA8FD265836C900BC3BEE /* AppDelegate.swift */,
				A9DBA90B265836CA00BC3BEE /* Info.plist */,
				A9DBA8FF265836C900BC3BEE /* SceneDelegate.swift */,
			);
			path = SupportingFiles;
			sourceTree = "<group>";
		};
		A9DBA8F1265836C900BC3BEE = {
			isa = PBXGroup;
			children = (
				A9DBA8FC265836C900BC3BEE /* SliderColor */,
				A9DBA8FB265836C900BC3BEE /* Products */,
			);
			sourceTree = "<group>";
		};
		A9DBA8FB265836C900BC3BEE /* Products */ = {
			isa = PBXGroup;
			children = (
				A9DBA8FA265836C900BC3BEE /* SliderColor.app */,
			);
			name = Products;
			sourceTree = "<group>";
		};
		A9DBA8FC265836C900BC3BEE /* SliderColor */ = {
			isa = PBXGroup;
			children = (
				A96B5BBE266D1F0A00316C96 /* SupportingFiles */,
				A96B5BBC266D1EDA00316C96 /* Resources */,
				A96B5BBB266D1EAD00316C96 /* StoryBoards */,
				A904A54E266CE59D002419DF /* ViewContollers */,
				A904A54D266CE56E002419DF /* Protocols */,
				A96B5BBA266D1E8700316C96 /* Extensions */,
			);
			path = SliderColor;
			sourceTree = "<group>";
		};
/* End PBXGroup section */

/* Begin PBXNativeTarget section */
		A9DBA8F9265836C900BC3BEE /* SliderColor */ = {
			isa = PBXNativeTarget;
			buildConfigurationList = A9DBA90E265836CA00BC3BEE /* Build configuration list for PBXNativeTarget "SliderColor" */;
			buildPhases = (
				A9DBA8F6265836C900BC3BEE /* Sources */,
				A9DBA8F7265836C900BC3BEE /* Frameworks */,
				A9DBA8F8265836C900BC3BEE /* Resources */,
			);
			buildRules = (
			);
			dependencies = (
			);
			name = SliderColor;
			productName = SliderColor;
			productReference = A9DBA8FA265836C900BC3BEE /* SliderColor.app */;
			productType = "com.apple.product-type.application";
		};
/* End PBXNativeTarget section */

/* Begin PBXProject section */
		A9DBA8F2265836C900BC3BEE /* Project object */ = {
			isa = PBXProject;
			attributes = {
				LastSwiftUpdateCheck = 1240;
				LastUpgradeCheck = 1240;
				TargetAttributes = {
					A9DBA8F9265836C900BC3BEE = {
						CreatedOnToolsVersion = 12.4;
					};
				};
			};
			buildConfigurationList = A9DBA8F5265836C900BC3BEE /* Build configuration list for PBXProject "SliderColor" */;
			compatibilityVersion = "Xcode 9.3";
			developmentRegion = en;
			hasScannedForEncodings = 0;
			knownRegions = (
				en,
				Base,
			);
			mainGroup = A9DBA8F1265836C900BC3BEE;
			productRefGroup = A9DBA8FB265836C900BC3BEE /* Products */;
			projectDirPath = "";
			projectRoot = "";
			targets = (
				A9DBA8F9265836C900BC3BEE /* SliderColor */,
			);
		};
/* End PBXProject section */

/* Begin PBXResourcesBuildPhase section */
		A9DBA8F8265836C900BC3BEE /* Resources */ = {
			isa = PBXResourcesBuildPhase;
			buildActionMask = 2147483647;
			files = (
				A9DBA90A265836CA00BC3BEE /* LaunchScreen.storyboard in Resources */,
				A9DBA907265836CA00BC3BEE /* Assets.xcassets in Resources */,
				A9DBA905265836C900BC3BEE /* Main.storyboard in Resources */,
			);
			runOnlyForDeploymentPostprocessing = 0;
		};
/* End PBXResourcesBuildPhase section */

/* Begin PBXSourcesBuildPhase section */
		A9DBA8F6265836C900BC3BEE /* Sources */ = {
			isa = PBXSourcesBuildPhase;
			buildActionMask = 2147483647;
			files = (
				A9DBA902265836C900BC3BEE /* ViewController.swift in Sources */,
				A96B5BB8266D028D00316C96 /* Extensions.swift in Sources */,
				A9DBA8FE265836C900BC3BEE /* AppDelegate.swift in Sources */,
				A904A548266CDFF5002419DF /* ColorViewController.swift in Sources */,
				A904A54B266CE566002419DF /* ColorSetupViewControllerDelegate.swift in Sources */,
				A9DBA900265836C900BC3BEE /* SceneDelegate.swift in Sources */,
			);
			runOnlyForDeploymentPostprocessing = 0;
		};
/* End PBXSourcesBuildPhase section */

/* Begin PBXVariantGroup section */
		A9DBA903265836C900BC3BEE /* Main.storyboard */ = {
			isa = PBXVariantGroup;
			children = (
				A9DBA904265836C900BC3BEE /* Base */,
			);
			name = Main.storyboard;
			sourceTree = "<group>";
		};
		A9DBA908265836CA00BC3BEE /* LaunchScreen.storyboard */ = {
			isa = PBXVariantGroup;
			children = (
				A9DBA909265836CA00BC3BEE /* Base */,
			);
			name = LaunchScreen.storyboard;
			sourceTree = "<group>";
		};
/* End PBXVariantGroup section */

/* Begin XCBuildConfiguration section */
		A9DBA90C265836CA00BC3BEE /* Debug */ = {
			isa = XCBuildConfiguration;
			buildSettings = {
				ALWAYS_SEARCH_USER_PATHS = NO;
				CLANG_ANALYZER_NONNULL = YES;
				CLANG_ANALYZER_NUMBER_OBJECT_CONVERSION = YES_AGGRESSIVE;
				CLANG_CXX_LANGUAGE_STANDARD = "gnu++14";
				CLANG_CXX_LIBRARY = "libc++";
				CLANG_ENABLE_MODULES = YES;
				CLANG_ENABLE_OBJC_ARC = YES;
				CLANG_ENABLE_OBJC_WEAK = YES;
				CLANG_WARN_BLOCK_CAPTURE_AUTORELEASING = YES;
				CLANG_WARN_BOOL_CONVERSION = YES;
				CLANG_WARN_COMMA = YES;
				CLANG_WARN_CONSTANT_CONVERSION = YES;
				CLANG_WARN_DEPRECATED_OBJC_IMPLEMENTATIONS = YES;
				CLANG_WARN_DIRECT_OBJC_ISA_USAGE = YES_ERROR;
				CLANG_WARN_DOCUMENTATION_COMMENTS = YES;
				CLANG_WARN_EMPTY_BODY = YES;
				CLANG_WARN_ENUM_CONVERSION = YES;
				CLANG_WARN_INFINITE_RECURSION = YES;
				CLANG_WARN_INT_CONVERSION = YES;
				CLANG_WARN_NON_LITERAL_NULL_CONVERSION = YES;
				CLANG_WARN_OBJC_IMPLICIT_RETAIN_SELF = YES;
				CLANG_WARN_OBJC_LITERAL_CONVERSION = YES;
				CLANG_WARN_OBJC_ROOT_CLASS = YES_ERROR;
				CLANG_WARN_QUOTED_INCLUDE_IN_FRAMEWORK_HEADER = YES;
				CLANG_WARN_RANGE_LOOP_ANALYSIS = YES;
				CLANG_WARN_STRICT_PROTOTYPES = YES;
				CLANG_WARN_SUSPICIOUS_MOVE = YES;
				CLANG_WARN_UNGUARDED_AVAILABILITY = YES_AGGRESSIVE;
				CLANG_WARN_UNREACHABLE_CODE = YES;
				CLANG_WARN__DUPLICATE_METHOD_MATCH = YES;
				COPY_PHASE_STRIP = NO;
				DEBUG_INFORMATION_FORMAT = dwarf;
				ENABLE_STRICT_OBJC_MSGSEND = YES;
				ENABLE_TESTABILITY = YES;
				GCC_C_LANGUAGE_STANDARD = gnu11;
				GCC_DYNAMIC_NO_PIC = NO;
				GCC_NO_COMMON_BLOCKS = YES;
				GCC_OPTIMIZATION_LEVEL = 0;
				GCC_PREPROCESSOR_DEFINITIONS = (
					"DEBUG=1",
					"$(inherited)",
				);
				GCC_WARN_64_TO_32_BIT_CONVERSION = YES;
				GCC_WARN_ABOUT_RETURN_TYPE = YES_ERROR;
				GCC_WARN_UNDECLARED_SELECTOR = YES;
				GCC_WARN_UNINITIALIZED_AUTOS = YES_AGGRESSIVE;
				GCC_WARN_UNUSED_FUNCTION = YES;
				GCC_WARN_UNUSED_VARIABLE = YES;
				IPHONEOS_DEPLOYMENT_TARGET = 14.4;
				MTL_ENABLE_DEBUG_INFO = INCLUDE_SOURCE;
				MTL_FAST_MATH = YES;
				ONLY_ACTIVE_ARCH = YES;
				SDKROOT = iphoneos;
				SWIFT_ACTIVE_COMPILATION_CONDITIONS = DEBUG;
				SWIFT_OPTIMIZATION_LEVEL = "-Onone";
			};
			name = Debug;
		};
		A9DBA90D265836CA00BC3BEE /* Release */ = {
			isa = XCBuildConfiguration;
			buildSettings = {
				ALWAYS_SEARCH_USER_PATHS = NO;
				CLANG_ANALYZER_NONNULL = YES;
				CLANG_ANALYZER_NUMBER_OBJECT_CONVERSION = YES_AGGRESSIVE;
				CLANG_CXX_LANGUAGE_STANDARD = "gnu++14";
				CLANG_CXX_LIBRARY = "libc++";
				CLANG_ENABLE_MODULES = YES;
				CLANG_ENABLE_OBJC_ARC = YES;
				CLANG_ENABLE_OBJC_WEAK = YES;
				CLANG_WARN_BLOCK_CAPTURE_AUTORELEASING = YES;
				CLANG_WARN_BOOL_CONVERSION = YES;
				CLANG_WARN_COMMA = YES;
				CLANG_WARN_CONSTANT_CONVERSION = YES;
				CLANG_WARN_DEPRECATED_OBJC_IMPLEMENTATIONS = YES;
				CLANG_WARN_DIRECT_OBJC_ISA_USAGE = YES_ERROR;
				CLANG_WARN_DOCUMENTATION_COMMENTS = YES;
				CLANG_WARN_EMPTY_BODY = YES;
				CLANG_WARN_ENUM_CONVERSION = YES;
				CLANG_WARN_INFINITE_RECURSION = YES;
				CLANG_WARN_INT_CONVERSION = YES;
				CLANG_WARN_NON_LITERAL_NULL_CONVERSION = YES;
				CLANG_WARN_OBJC_IMPLICIT_RETAIN_SELF = YES;
				CLANG_WARN_OBJC_LITERAL_CONVERSION = YES;
				CLANG_WARN_OBJC_ROOT_CLASS = YES_ERROR;
				CLANG_WARN_QUOTED_INCLUDE_IN_FRAMEWORK_HEADER = YES;
				CLANG_WARN_RANGE_LOOP_ANALYSIS = YES;
				CLANG_WARN_STRICT_PROTOTYPES = YES;
				CLANG_WARN_SUSPICIOUS_MOVE = YES;
				CLANG_WARN_UNGUARDED_AVAILABILITY = YES_AGGRESSIVE;
				CLANG_WARN_UNREACHABLE_CODE = YES;
				CLANG_WARN__DUPLICATE_METHOD_MATCH = YES;
				COPY_PHASE_STRIP = NO;
				DEBUG_INFORMATION_FORMAT = "dwarf-with-dsym";
				ENABLE_NS_ASSERTIONS = NO;
				ENABLE_STRICT_OBJC_MSGSEND = YES;
				GCC_C_LANGUAGE_STANDARD = gnu11;
				GCC_NO_COMMON_BLOCKS = YES;
				GCC_WARN_64_TO_32_BIT_CONVERSION = YES;
				GCC_WARN_ABOUT_RETURN_TYPE = YES_ERROR;
				GCC_WARN_UNDECLARED_SELECTOR = YES;
				GCC_WARN_UNINITIALIZED_AUTOS = YES_AGGRESSIVE;
				GCC_WARN_UNUSED_FUNCTION = YES;
				GCC_WARN_UNUSED_VARIABLE = YES;
				IPHONEOS_DEPLOYMENT_TARGET = 14.4;
				MTL_ENABLE_DEBUG_INFO = NO;
				MTL_FAST_MATH = YES;
				SDKROOT = iphoneos;
				SWIFT_COMPILATION_MODE = wholemodule;
				SWIFT_OPTIMIZATION_LEVEL = "-O";
				VALIDATE_PRODUCT = YES;
			};
			name = Release;
		};
		A9DBA90F265836CA00BC3BEE /* Debug */ = {
			isa = XCBuildConfiguration;
			buildSettings = {
				ASSETCATALOG_COMPILER_APPICON_NAME = AppIcon;
				ASSETCATALOG_COMPILER_GLOBAL_ACCENT_COLOR_NAME = AccentColor;
				CODE_SIGN_STYLE = Automatic;
				INFOPLIST_FILE = SliderColor/SupportingFiles/Info.plist;
				IPHONEOS_DEPLOYMENT_TARGET = 13.0;
				LD_RUNPATH_SEARCH_PATHS = (
					"$(inherited)",
					"@executable_path/Frameworks",
				);
				PRODUCT_BUNDLE_IDENTIFIER = ru.swiftbook.SliderColor;
				PRODUCT_NAME = "$(TARGET_NAME)";
				SWIFT_VERSION = 5.0;
				TARGETED_DEVICE_FAMILY = 1;
			};
			name = Debug;
		};
		A9DBA910265836CA00BC3BEE /* Release */ = {
			isa = XCBuildConfiguration;
			buildSettings = {
				ASSETCATALOG_COMPILER_APPICON_NAME = AppIcon;
				ASSETCATALOG_COMPILER_GLOBAL_ACCENT_COLOR_NAME = AccentColor;
				CODE_SIGN_STYLE = Automatic;
				INFOPLIST_FILE = SliderColor/SupportingFiles/Info.plist;
				IPHONEOS_DEPLOYMENT_TARGET = 13.0;
				LD_RUNPATH_SEARCH_PATHS = (
					"$(inherited)",
					"@executable_path/Frameworks",
				);
				PRODUCT_BUNDLE_IDENTIFIER = ru.swiftbook.SliderColor;
				PRODUCT_NAME = "$(TARGET_NAME)";
				SWIFT_VERSION = 5.0;
				TARGETED_DEVICE_FAMILY = 1;
			};
			name = Release;
		};
/* End XCBuildConfiguration section */

/* Begin XCConfigurationList section */
		A9DBA8F5265836C900BC3BEE /* Build configuration list for PBXProject "SliderColor" */ = {
			isa = XCConfigurationList;
			buildConfigurations = (
				A9DBA90C265836CA00BC3BEE /* Debug */,
				A9DBA90D265836CA00BC3BEE /* Release */,
			);
			defaultConfigurationIsVisible = 0;
			defaultConfigurationName = Release;
		};
		A9DBA90E265836CA00BC3BEE /* Build configuration list for PBXNativeTarget "SliderColor" */ = {
			isa = XCConfigurationList;
			buildConfigurations = (
				A9DBA90F265836CA00BC3BEE /* Debug */,
				A9DBA910265836CA00BC3BEE /* Release */,
			);
			defaultConfigurationIsVisible = 0;
			defaultConfigurationName = Release;
		};
/* End XCConfigurationList section */
	};
	rootObject = A9DBA8F2265836C900BC3BEE /* Project object */;
}
